
Microsoft Visual Studio Solution File, Format Version 12.00
# Visual Studio Version 16
VisualStudioVersion = 16.0.32901.82
MinimumVisualStudioVersion = 10.0.40219.1
Project("{9A19103F-16F7-4668-BE54-9A1E7A4F7556}") = "ADPTest", "ADPTest.csproj", "{3D6FEECD-24FE-449E-9E49-0DB277A2CBCE}"
EndProject
Project("{FAE04EC0-301F-11D3-BF4B-00C04F79EFBC}") = "ADPApiUnitTests", "..\ADPApiUnitTests\ADPApiUnitTests.csproj", "{AD537098-366E-41A0-88A4-54147FE7B596}"
EndProject
Global
	GlobalSection(SolutionConfigurationPlatforms) = preSolution
		Debug|Any CPU = Debug|Any CPU
		Release|Any CPU = Release|Any CPU
	EndGlobalSection
	GlobalSection(ProjectConfigurationPlatforms) = postSolution
		{3D6FEECD-24FE-449E-9E49-0DB277A2CBCE}.Debug|Any CPU.ActiveCfg = Debug|Any CPU
		{3D6FEECD-24FE-449E-9E49-0DB277A2CBCE}.Debug|Any CPU.Build.0 = Debug|Any CPU
		{3D6FEECD-24FE-449E-9E49-0DB277A2CBCE}.Release|Any CPU.ActiveCfg = Release|Any CPU
		{3D6FEECD-24FE-449E-9E49-0DB277A2CBCE}.Release|Any CPU.Build.0 = Release|Any CPU
		{AD537098-366E-41A0-88A4-54147FE7B596}.Debug|Any CPU.ActiveCfg = Debug|Any CPU
		{AD537098-366E-41A0-88A4-54147FE7B596}.Debug|Any CPU.Build.0 = Debug|Any CPU
		{AD537098-366E-41A0-88A4-54147FE7B596}.Release|Any CPU.ActiveCfg = Release|Any CPU
		{AD537098-366E-41A0-88A4-54147FE7B596}.Release|Any CPU.Build.0 = Release|Any CPU
	EndGlobalSection
	GlobalSection(SolutionProperties) = preSolution
		HideSolutionNode = FALSE
	EndGlobalSection
	GlobalSection(ExtensibilityGlobals) = postSolution
		SolutionGuid = {B1EA141B-CF8B-41BD-A243-13042C2ACE74}
	EndGlobalSection
EndGlobal
